
Microsoft Visual Studio Solution File, Format Version 12.00
# Visual Studio Version 17
VisualStudioVersion = 17.14.36623.8
MinimumVisualStudioVersion = 10.0.40219.1
Project("{FAE04EC0-301F-11D3-BF4B-00C04F79EFBC}") = "PoC01_ConvertBlock_And_PropGrid", "PoC01_ConvertBlock_And_PropGrid\PoC01_ConvertBlock_And_PropGrid.csproj", "{03D1E9A7-E7A9-403E-8E9E-E42F83EBC0AA}"
EndProject
Project("{FAE04EC0-301F-11D3-BF4B-00C04F79EFBC}") = "PoC01_Re_ConvertBlock_and_PropGrid", "PoC01_Re_ConvertBlock_and_PropGrid\PoC01_Re_ConvertBlock_and_PropGrid.csproj", "{CCA00F91-AC11-4937-963C-57B3FA8C6D53}"
EndProject
Project("{FAE04EC0-301F-11D3-BF4B-00C04F79EFBC}") = "ConvertBlockPoC", "ConvertBlockPoC\ConvertBlockPoC.csproj", "{1ED93648-F4E9-4466-BA1A-EA87D9852B7E}"
EndProject
Global
	GlobalSection(SolutionConfigurationPlatforms) = preSolution
		Debug|Any CPU = Debug|Any CPU
		Release|Any CPU = Release|Any CPU
	EndGlobalSection
	GlobalSection(ProjectConfigurationPlatforms) = postSolution
		{03D1E9A7-E7A9-403E-8E9E-E42F83EBC0AA}.Debug|Any CPU.ActiveCfg = Debug|Any CPU
		{03D1E9A7-E7A9-403E-8E9E-E42F83EBC0AA}.Debug|Any CPU.Build.0 = Debug|Any CPU
		{03D1E9A7-E7A9-403E-8E9E-E42F83EBC0AA}.Release|Any CPU.ActiveCfg = Release|Any CPU
		{03D1E9A7-E7A9-403E-8E9E-E42F83EBC0AA}.Release|Any CPU.Build.0 = Release|Any CPU
		{CCA00F91-AC11-4937-963C-57B3FA8C6D53}.Debug|Any CPU.ActiveCfg = Debug|Any CPU
		{CCA00F91-AC11-4937-963C-57B3FA8C6D53}.Debug|Any CPU.Build.0 = Debug|Any CPU
		{CCA00F91-AC11-4937-963C-57B3FA8C6D53}.Release|Any CPU.ActiveCfg = Release|Any CPU
		{CCA00F91-AC11-4937-963C-57B3FA8C6D53}.Release|Any CPU.Build.0 = Release|Any CPU
		{1ED93648-F4E9-4466-BA1A-EA87D9852B7E}.Debug|Any CPU.ActiveCfg = Debug|Any CPU
		{1ED93648-F4E9-4466-BA1A-EA87D9852B7E}.Debug|Any CPU.Build.0 = Debug|Any CPU
		{1ED93648-F4E9-4466-BA1A-EA87D9852B7E}.Release|Any CPU.ActiveCfg = Release|Any CPU
		{1ED93648-F4E9-4466-BA1A-EA87D9852B7E}.Release|Any CPU.Build.0 = Release|Any CPU
	EndGlobalSection
	GlobalSection(SolutionProperties) = preSolution
		HideSolutionNode = FALSE
	EndGlobalSection
	GlobalSection(ExtensibilityGlobals) = postSolution
		SolutionGuid = {F8AD4AAA-E2F4-4071-B073-53AE2B1400F4}
	EndGlobalSection
EndGlobal
